<?xml version="1.0" encoding="utf-8"?>
<Project ToolsVersion="4.0" xmlns="http://schemas.microsoft.com/developer/msbuild/2003">
  <ItemGroup>
    <Filter Include="리소스 파일">
      <UniqueIdentifier>{67DA6AB6-F800-4c08-8B7A-83BB121AAD01}</UniqueIdentifier>
      <Extensions>rc;ico;cur;bmp;dlg;rc2;rct;bin;rgs;gif;jpg;jpeg;jpe;resx;tiff;tif;png;wav;mfcribbon-ms</Extensions>
    </Filter>
    <Filter Include="Entity">
      <UniqueIdentifier>{5495ce52-45e3-488c-98c9-da5af082193d}</UniqueIdentifier>
    </Filter>
    <Filter Include="Item">
      <UniqueIdentifier>{21e9d4a6-5bbc-4a36-a226-692804108c53}</UniqueIdentifier>
    </Filter>
    <Filter Include="Item\Potion">
      <UniqueIdentifier>{8670a859-37be-4cce-b2d6-2f95fbb84b75}</UniqueIdentifier>
    </Filter>
    <Filter Include="Core">
      <UniqueIdentifier>{8c9626b7-f7d4-4c8e-9b5c-7638710b873d}</UniqueIdentifier>
    </Filter>
    <Filter Include="Entity\Monster">
      <UniqueIdentifier>{0cafc357-769a-474d-803a-1c2038a4259a}</UniqueIdentifier>
    </Filter>
    <Filter Include="Entity\Player">
      <UniqueIdentifier>{ffa23043-e5f1-4695-b9ff-c4af6ba61674}</UniqueIdentifier>
    </Filter>
  </ItemGroup>
  <ItemGroup>
    <None Include="README.md" />
  </ItemGroup>
  <ItemGroup>
    <ClCompile Include="Core\GameManager.cpp">
      <Filter>Core</Filter>
    </ClCompile>
    <ClCompile Include="Core\Shop.cpp">
      <Filter>Core</Filter>
    </ClCompile>
    <ClCompile Include="Core\Skill.cpp">
      <Filter>Core</Filter>
    </ClCompile>
    <ClCompile Include="main.cpp" />
    <ClCompile Include="Entity\Monster\Boss.cpp">
      <Filter>Entity\Monster</Filter>
    </ClCompile>
    <ClCompile Include="Entity\Monster\Goblin.cpp">
      <Filter>Entity\Monster</Filter>
    </ClCompile>
    <ClCompile Include="Entity\Monster\Monster.cpp">
      <Filter>Entity\Monster</Filter>
    </ClCompile>
    <ClCompile Include="Entity\Monster\Orc.cpp">
      <Filter>Entity\Monster</Filter>
    </ClCompile>
    <ClCompile Include="Entity\Monster\Slime.cpp">
      <Filter>Entity\Monster</Filter>
    </ClCompile>
    <ClCompile Include="Entity\Monster\Troll.cpp">
      <Filter>Entity\Monster</Filter>
    </ClCompile>
    <ClCompile Include="Entity\Player\Character.cpp">
      <Filter>Entity\Player</Filter>
    </ClCompile>
    <ClCompile Include="Item\Item.cpp">
      <Filter>Item</Filter>
    </ClCompile>
    <ClCompile Include="Item\Sword.cpp">
      <Filter>Item</Filter>
    </ClCompile>
    <ClCompile Include="Item\Potion\AttackBoost.cpp">
      <Filter>Item\Potion</Filter>
    </ClCompile>
    <ClCompile Include="Item\Potion\HealthPotion.cpp">
      <Filter>Item\Potion</Filter>
    </ClCompile>
    <ClCompile Include="Item\Potion\Potion.cpp">
      <Filter>Item\Potion</Filter>
    </ClCompile>
  </ItemGroup>
  <ItemGroup>
    <ClInclude Include="Core\GameManager.h">
      <Filter>Core</Filter>
    </ClInclude>
    <ClInclude Include="Core\Shop.h">
      <Filter>Core</Filter>
    </ClInclude>
    <ClInclude Include="Core\Skill.h">
      <Filter>Core</Filter>
    </ClInclude>
    <ClInclude Include="Core\Types.h">
      <Filter>Core</Filter>
    </ClInclude>
    <ClInclude Include="Entity\Monster\Boss.h">
      <Filter>Entity\Monster</Filter>
    </ClInclude>
    <ClInclude Include="Entity\Monster\Goblin.h">
      <Filter>Entity\Monster</Filter>
    </ClInclude>
    <ClInclude Include="Entity\Monster\Monster.h">
      <Filter>Entity\Monster</Filter>
    </ClInclude>
    <ClInclude Include="Entity\Monster\Orc.h">
      <Filter>Entity\Monster</Filter>
    </ClInclude>
    <ClInclude Include="Entity\Monster\Slime.h">
      <Filter>Entity\Monster</Filter>
    </ClInclude>
    <ClInclude Include="Entity\Monster\Troll.h">
      <Filter>Entity\Monster</Filter>
    </ClInclude>
    <ClInclude Include="Entity\Player\Character.h">
      <Filter>Entity\Player</Filter>
    </ClInclude>
    <ClInclude Include="Item\Item.h">
      <Filter>Item</Filter>
    </ClInclude>
    <ClInclude Include="Item\Sword.h">
      <Filter>Item</Filter>
    </ClInclude>
    <ClInclude Include="Item\Potion\AttackBoost.h">
      <Filter>Item\Potion</Filter>
    </ClInclude>
    <ClInclude Include="Item\Potion\HealthPotion.h">
      <Filter>Item\Potion</Filter>
    </ClInclude>
    <ClInclude Include="Item\Potion\Potion.h">
      <Filter>Item\Potion</Filter>
    </ClInclude>
  </ItemGroup>
</Project>